
Microsoft Visual Studio Solution File, Format Version 12.00
# Visual Studio 15
VisualStudioVersion = 15.0.27130.2036
MinimumVisualStudioVersion = 10.0.40219.1
Project("{FAE04EC0-301F-11D3-BF4B-00C04F79EFBC}") = "ReportesWeb", "ReportesWeb\ReportesWeb.csproj", "{20A34344-949C-4E84-A7E8-85413DA6DE47}"
EndProject
Project("{FAE04EC0-301F-11D3-BF4B-00C04F79EFBC}") = "reportesApp.Android", "reportesApp\reportesApp.Android\reportesApp.Android.csproj", "{0F785946-D174-47AB-8276-1A2E160A4CA7}"
EndProject
Project("{FAE04EC0-301F-11D3-BF4B-00C04F79EFBC}") = "reportesApp.iOS", "reportesApp\reportesApp.iOS\reportesApp.iOS.csproj", "{92E87158-8A8E-4C16-B81C-2DE19206C576}"
EndProject
Project("{FAE04EC0-301F-11D3-BF4B-00C04F79EFBC}") = "reportesApp.UWP", "reportesApp\reportesApp.UWP\reportesApp.UWP.csproj", "{C8155D68-23E2-45A7-BA07-E2B04C435DC3}"
EndProject
Project("{FAE04EC0-301F-11D3-BF4B-00C04F79EFBC}") = "reportesApp", "reportesApp\reportesApp\reportesApp.csproj", "{85BCB9D6-694E-4D0C-A32D-4F326EE696A7}"
EndProject
Global
	GlobalSection(SolutionConfigurationPlatforms) = preSolution
		Ad-Hoc|Any CPU = Ad-Hoc|Any CPU
		Ad-Hoc|ARM = Ad-Hoc|ARM
		Ad-Hoc|iPhone = Ad-Hoc|iPhone
		Ad-Hoc|iPhoneSimulator = Ad-Hoc|iPhoneSimulator
		Ad-Hoc|x64 = Ad-Hoc|x64
		Ad-Hoc|x86 = Ad-Hoc|x86
		AppStore|Any CPU = AppStore|Any CPU
		AppStore|ARM = AppStore|ARM
		AppStore|iPhone = AppStore|iPhone
		AppStore|iPhoneSimulator = AppStore|iPhoneSimulator
		AppStore|x64 = AppStore|x64
		AppStore|x86 = AppStore|x86
		Debug|Any CPU = Debug|Any CPU
		Debug|ARM = Debug|ARM
		Debug|iPhone = Debug|iPhone
		Debug|iPhoneSimulator = Debug|iPhoneSimulator
		Debug|x64 = Debug|x64
		Debug|x86 = Debug|x86
		Release|Any CPU = Release|Any CPU
		Release|ARM = Release|ARM
		Release|iPhone = Release|iPhone
		Release|iPhoneSimulator = Release|iPhoneSimulator
		Release|x64 = Release|x64
		Release|x86 = Release|x86
	EndGlobalSection
	GlobalSection(ProjectConfigurationPlatforms) = postSolution
		{20A34344-949C-4E84-A7E8-85413DA6DE47}.Ad-Hoc|Any CPU.ActiveCfg = Release|Any CPU
		{20A34344-949C-4E84-A7E8-85413DA6DE47}.Ad-Hoc|Any CPU.Build.0 = Release|Any CPU
		{20A34344-949C-4E84-A7E8-85413DA6DE47}.Ad-Hoc|ARM.ActiveCfg = Release|Any CPU
		{20A34344-949C-4E84-A7E8-85413DA6DE47}.Ad-Hoc|ARM.Build.0 = Release|Any CPU
		{20A34344-949C-4E84-A7E8-85413DA6DE47}.Ad-Hoc|iPhone.ActiveCfg = Release|Any CPU
		{20A34344-949C-4E84-A7E8-85413DA6DE47}.Ad-Hoc|iPhone.Build.0 = Release|Any CPU
		{20A34344-949C-4E84-A7E8-85413DA6DE47}.Ad-Hoc|iPhoneSimulator.ActiveCfg = Release|Any CPU
		{20A34344-949C-4E84-A7E8-85413DA6DE47}.Ad-Hoc|iPhoneSimulator.Build.0 = Release|Any CPU
		{20A34344-949C-4E84-A7E8-85413DA6DE47}.Ad-Hoc|x64.ActiveCfg = Release|Any CPU
		{20A34344-949C-4E84-A7E8-85413DA6DE47}.Ad-Hoc|x64.Build.0 = Release|Any CPU
		{20A34344-949C-4E84-A7E8-85413DA6DE47}.Ad-Hoc|x86.ActiveCfg = Release|Any CPU
		{20A34344-949C-4E84-A7E8-85413DA6DE47}.Ad-Hoc|x86.Build.0 = Release|Any CPU
		{20A34344-949C-4E84-A7E8-85413DA6DE47}.AppStore|Any CPU.ActiveCfg = Release|Any CPU
		{20A34344-949C-4E84-A7E8-85413DA6DE47}.AppStore|Any CPU.Build.0 = Release|Any CPU
		{20A34344-949C-4E84-A7E8-85413DA6DE47}.AppStore|ARM.ActiveCfg = Release|Any CPU
		{20A34344-949C-4E84-A7E8-85413DA6DE47}.AppStore|ARM.Build.0 = Release|Any CPU
		{20A34344-949C-4E84-A7E8-85413DA6DE47}.AppStore|iPhone.ActiveCfg = Release|Any CPU
		{20A34344-949C-4E84-A7E8-85413DA6DE47}.AppStore|iPhone.Build.0 = Release|Any CPU
		{20A34344-949C-4E84-A7E8-85413DA6DE47}.AppStore|iPhoneSimulator.ActiveCfg = Release|Any CPU
		{20A34344-949C-4E84-A7E8-85413DA6DE47}.AppStore|iPhoneSimulator.Build.0 = Release|Any CPU
		{20A34344-949C-4E84-A7E8-85413DA6DE47}.AppStore|x64.ActiveCfg = Release|Any CPU
		{20A34344-949C-4E84-A7E8-85413DA6DE47}.AppStore|x64.Build.0 = Release|Any CPU
		{20A34344-949C-4E84-A7E8-85413DA6DE47}.AppStore|x86.ActiveCfg = Release|Any CPU
		{20A34344-949C-4E84-A7E8-85413DA6DE47}.AppStore|x86.Build.0 = Release|Any CPU
		{20A34344-949C-4E84-A7E8-85413DA6DE47}.Debug|Any CPU.ActiveCfg = Debug|Any CPU
		{20A34344-949C-4E84-A7E8-85413DA6DE47}.Debug|Any CPU.Build.0 = Debug|Any CPU
		{20A34344-949C-4E84-A7E8-85413DA6DE47}.Debug|ARM.ActiveCfg = Debug|Any CPU
		{20A34344-949C-4E84-A7E8-85413DA6DE47}.Debug|ARM.Build.0 = Debug|Any CPU
		{20A34344-949C-4E84-A7E8-85413DA6DE47}.Debug|iPhone.ActiveCfg = Debug|Any CPU
		{20A34344-949C-4E84-A7E8-85413DA6DE47}.Debug|iPhone.Build.0 = Debug|Any CPU
		{20A34344-949C-4E84-A7E8-85413DA6DE47}.Debug|iPhoneSimulator.ActiveCfg = Debug|Any CPU
		{20A34344-949C-4E84-A7E8-85413DA6DE47}.Debug|iPhoneSimulator.Build.0 = Debug|Any CPU
		{20A34344-949C-4E84-A7E8-85413DA6DE47}.Debug|x64.ActiveCfg = Debug|Any CPU
		{20A34344-949C-4E84-A7E8-85413DA6DE47}.Debug|x64.Build.0 = Debug|Any CPU
		{20A34344-949C-4E84-A7E8-85413DA6DE47}.Debug|x86.ActiveCfg = Debug|Any CPU
		{20A34344-949C-4E84-A7E8-85413DA6DE47}.Debug|x86.Build.0 = Debug|Any CPU
		{20A34344-949C-4E84-A7E8-85413DA6DE47}.Release|Any CPU.ActiveCfg = Release|Any CPU
		{20A34344-949C-4E84-A7E8-85413DA6DE47}.Release|Any CPU.Build.0 = Release|Any CPU
		{20A34344-949C-4E84-A7E8-85413DA6DE47}.Release|ARM.ActiveCfg = Release|Any CPU
		{20A34344-949C-4E84-A7E8-85413DA6DE47}.Release|ARM.Build.0 = Release|Any CPU
		{20A34344-949C-4E84-A7E8-85413DA6DE47}.Release|iPhone.ActiveCfg = Release|Any CPU
		{20A34344-949C-4E84-A7E8-85413DA6DE47}.Release|iPhone.Build.0 = Release|Any CPU
		{20A34344-949C-4E84-A7E8-85413DA6DE47}.Release|iPhoneSimulator.ActiveCfg = Release|Any CPU
		{20A34344-949C-4E84-A7E8-85413DA6DE47}.Release|iPhoneSimulator.Build.0 = Release|Any CPU
		{20A34344-949C-4E84-A7E8-85413DA6DE47}.Release|x64.ActiveCfg = Release|Any CPU
		{20A34344-949C-4E84-A7E8-85413DA6DE47}.Release|x64.Build.0 = Release|Any CPU
		{20A34344-949C-4E84-A7E8-85413DA6DE47}.Release|x86.ActiveCfg = Release|Any CPU
		{20A34344-949C-4E84-A7E8-85413DA6DE47}.Release|x86.Build.0 = Release|Any CPU
		{0F785946-D174-47AB-8276-1A2E160A4CA7}.Ad-Hoc|Any CPU.ActiveCfg = Release|Any CPU
		{0F785946-D174-47AB-8276-1A2E160A4CA7}.Ad-Hoc|Any CPU.Build.0 = Release|Any CPU
		{0F785946-D174-47AB-8276-1A2E160A4CA7}.Ad-Hoc|Any CPU.Deploy.0 = Release|Any CPU
		{0F785946-D174-47AB-8276-1A2E160A4CA7}.Ad-Hoc|ARM.ActiveCfg = Release|Any CPU
		{0F785946-D174-47AB-8276-1A2E160A4CA7}.Ad-Hoc|ARM.Build.0 = Release|Any CPU
		{0F785946-D174-47AB-8276-1A2E160A4CA7}.Ad-Hoc|ARM.Deploy.0 = Release|Any CPU
		{0F785946-D174-47AB-8276-1A2E160A4CA7}.Ad-Hoc|iPhone.ActiveCfg = Release|Any CPU
		{0F785946-D174-47AB-8276-1A2E160A4CA7}.Ad-Hoc|iPhone.Build.0 = Release|Any CPU
		{0F785946-D174-47AB-8276-1A2E160A4CA7}.Ad-Hoc|iPhone.Deploy.0 = Release|Any CPU
		{0F785946-D174-47AB-8276-1A2E160A4CA7}.Ad-Hoc|iPhoneSimulator.ActiveCfg = Release|Any CPU
		{0F785946-D174-47AB-8276-1A2E160A4CA7}.Ad-Hoc|iPhoneSimulator.Build.0 = Release|Any CPU
		{0F785946-D174-47AB-8276-1A2E160A4CA7}.Ad-Hoc|iPhoneSimulator.Deploy.0 = Release|Any CPU
		{0F785946-D174-47AB-8276-1A2E160A4CA7}.Ad-Hoc|x64.ActiveCfg = Release|Any CPU
		{0F785946-D174-47AB-8276-1A2E160A4CA7}.Ad-Hoc|x64.Build.0 = Release|Any CPU
		{0F785946-D174-47AB-8276-1A2E160A4CA7}.Ad-Hoc|x64.Deploy.0 = Release|Any CPU
		{0F785946-D174-47AB-8276-1A2E160A4CA7}.Ad-Hoc|x86.ActiveCfg = Release|Any CPU
		{0F785946-D174-47AB-8276-1A2E160A4CA7}.Ad-Hoc|x86.Build.0 = Release|Any CPU
		{0F785946-D174-47AB-8276-1A2E160A4CA7}.Ad-Hoc|x86.Deploy.0 = Release|Any CPU
		{0F785946-D174-47AB-8276-1A2E160A4CA7}.AppStore|Any CPU.ActiveCfg = Release|Any CPU
		{0F785946-D174-47AB-8276-1A2E160A4CA7}.AppStore|Any CPU.Build.0 = Release|Any CPU
		{0F785946-D174-47AB-8276-1A2E160A4CA7}.AppStore|Any CPU.Deploy.0 = Release|Any CPU
		{0F785946-D174-47AB-8276-1A2E160A4CA7}.AppStore|ARM.ActiveCfg = Release|Any CPU
		{0F785946-D174-47AB-8276-1A2E160A4CA7}.AppStore|ARM.Build.0 = Release|Any CPU
		{0F785946-D174-47AB-8276-1A2E160A4CA7}.AppStore|ARM.Deploy.0 = Release|Any CPU
		{0F785946-D174-47AB-8276-1A2E160A4CA7}.AppStore|iPhone.ActiveCfg = Release|Any CPU
		{0F785946-D174-47AB-8276-1A2E160A4CA7}.AppStore|iPhone.Build.0 = Release|Any CPU
		{0F785946-D174-47AB-8276-1A2E160A4CA7}.AppStore|iPhone.Deploy.0 = Release|Any CPU
		{0F785946-D174-47AB-8276-1A2E160A4CA7}.AppStore|iPhoneSimulator.ActiveCfg = Release|Any CPU
		{0F785946-D174-47AB-8276-1A2E160A4CA7}.AppStore|iPhoneSimulator.Build.0 = Release|Any CPU
		{0F785946-D174-47AB-8276-1A2E160A4CA7}.AppStore|iPhoneSimulator.Deploy.0 = Release|Any CPU
		{0F785946-D174-47AB-8276-1A2E160A4CA7}.AppStore|x64.ActiveCfg = Release|Any CPU
		{0F785946-D174-47AB-8276-1A2E160A4CA7}.AppStore|x64.Build.0 = Release|Any CPU
		{0F785946-D174-47AB-8276-1A2E160A4CA7}.AppStore|x64.Deploy.0 = Release|Any CPU
		{0F785946-D174-47AB-8276-1A2E160A4CA7}.AppStore|x86.ActiveCfg = Release|Any CPU
		{0F785946-D174-47AB-8276-1A2E160A4CA7}.AppStore|x86.Build.0 = Release|Any CPU
		{0F785946-D174-47AB-8276-1A2E160A4CA7}.AppStore|x86.Deploy.0 = Release|Any CPU
		{0F785946-D174-47AB-8276-1A2E160A4CA7}.Debug|Any CPU.ActiveCfg = Debug|Any CPU
		{0F785946-D174-47AB-8276-1A2E160A4CA7}.Debug|Any CPU.Build.0 = Debug|Any CPU
		{0F785946-D174-47AB-8276-1A2E160A4CA7}.Debug|Any CPU.Deploy.0 = Debug|Any CPU
		{0F785946-D174-47AB-8276-1A2E160A4CA7}.Debug|ARM.ActiveCfg = Debug|Any CPU
		{0F785946-D174-47AB-8276-1A2E160A4CA7}.Debug|ARM.Build.0 = Debug|Any CPU
		{0F785946-D174-47AB-8276-1A2E160A4CA7}.Debug|ARM.Deploy.0 = Debug|Any CPU
		{0F785946-D174-47AB-8276-1A2E160A4CA7}.Debug|iPhone.ActiveCfg = Debug|Any CPU
		{0F785946-D174-47AB-8276-1A2E160A4CA7}.Debug|iPhone.Build.0 = Debug|Any CPU
		{0F785946-D174-47AB-8276-1A2E160A4CA7}.Debug|iPhone.Deploy.0 = Debug|Any CPU
		{0F785946-D174-47AB-8276-1A2E160A4CA7}.Debug|iPhoneSimulator.ActiveCfg = Debug|Any CPU
		{0F785946-D174-47AB-8276-1A2E160A4CA7}.Debug|iPhoneSimulator.Build.0 = Debug|Any CPU
		{0F785946-D174-47AB-8276-1A2E160A4CA7}.Debug|iPhoneSimulator.Deploy.0 = Debug|Any CPU
		{0F785946-D174-47AB-8276-1A2E160A4CA7}.Debug|x64.ActiveCfg = Debug|Any CPU
		{0F785946-D174-47AB-8276-1A2E160A4CA7}.Debug|x64.Build.0 = Debug|Any CPU
		{0F785946-D174-47AB-8276-1A2E160A4CA7}.Debug|x64.Deploy.0 = Debug|Any CPU
		{0F785946-D174-47AB-8276-1A2E160A4CA7}.Debug|x86.ActiveCfg = Debug|Any CPU
		{0F785946-D174-47AB-8276-1A2E160A4CA7}.Debug|x86.Build.0 = Debug|Any CPU
		{0F785946-D174-47AB-8276-1A2E160A4CA7}.Debug|x86.Deploy.0 = Debug|Any CPU
		{0F785946-D174-47AB-8276-1A2E160A4CA7}.Release|Any CPU.ActiveCfg = Release|Any CPU
		{0F785946-D174-47AB-8276-1A2E160A4CA7}.Release|Any CPU.Build.0 = Release|Any CPU
		{0F785946-D174-47AB-8276-1A2E160A4CA7}.Release|Any CPU.Deploy.0 = Release|Any CPU
		{0F785946-D174-47AB-8276-1A2E160A4CA7}.Release|ARM.ActiveCfg = Release|Any CPU
		{0F785946-D174-47AB-8276-1A2E160A4CA7}.Release|ARM.Build.0 = Release|Any CPU
		{0F785946-D174-47AB-8276-1A2E160A4CA7}.Release|ARM.Deploy.0 = Release|Any CPU
		{0F785946-D174-47AB-8276-1A2E160A4CA7}.Release|iPhone.ActiveCfg = Release|Any CPU
		{0F785946-D174-47AB-8276-1A2E160A4CA7}.Release|iPhone.Build.0 = Release|Any CPU
		{0F785946-D174-47AB-8276-1A2E160A4CA7}.Release|iPhone.Deploy.0 = Release|Any CPU
		{0F785946-D174-47AB-8276-1A2E160A4CA7}.Release|iPhoneSimulator.ActiveCfg = Release|Any CPU
		{0F785946-D174-47AB-8276-1A2E160A4CA7}.Release|iPhoneSimulator.Build.0 = Release|Any CPU
		{0F785946-D174-47AB-8276-1A2E160A4CA7}.Release|iPhoneSimulator.Deploy.0 = Release|Any CPU
		{0F785946-D174-47AB-8276-1A2E160A4CA7}.Release|x64.ActiveCfg = Release|Any CPU
		{0F785946-D174-47AB-8276-1A2E160A4CA7}.Release|x64.Build.0 = Release|Any CPU
		{0F785946-D174-47AB-8276-1A2E160A4CA7}.Release|x64.Deploy.0 = Release|Any CPU
		{0F785946-D174-47AB-8276-1A2E160A4CA7}.Release|x86.ActiveCfg = Release|Any CPU
		{0F785946-D174-47AB-8276-1A2E160A4CA7}.Release|x86.Build.0 = Release|Any CPU
		{0F785946-D174-47AB-8276-1A2E160A4CA7}.Release|x86.Deploy.0 = Release|Any CPU
		{92E87158-8A8E-4C16-B81C-2DE19206C576}.Ad-Hoc|Any CPU.ActiveCfg = Ad-Hoc|iPhone
		{92E87158-8A8E-4C16-B81C-2DE19206C576}.Ad-Hoc|ARM.ActiveCfg = Ad-Hoc|iPhone
		{92E87158-8A8E-4C16-B81C-2DE19206C576}.Ad-Hoc|iPhone.ActiveCfg = Ad-Hoc|iPhone
		{92E87158-8A8E-4C16-B81C-2DE19206C576}.Ad-Hoc|iPhone.Build.0 = Ad-Hoc|iPhone
		{92E87158-8A8E-4C16-B81C-2DE19206C576}.Ad-Hoc|iPhoneSimulator.ActiveCfg = Ad-Hoc|iPhoneSimulator
		{92E87158-8A8E-4C16-B81C-2DE19206C576}.Ad-Hoc|iPhoneSimulator.Build.0 = Ad-Hoc|iPhoneSimulator
		{92E87158-8A8E-4C16-B81C-2DE19206C576}.Ad-Hoc|x64.ActiveCfg = Ad-Hoc|iPhone
		{92E87158-8A8E-4C16-B81C-2DE19206C576}.Ad-Hoc|x86.ActiveCfg = Ad-Hoc|iPhone
		{92E87158-8A8E-4C16-B81C-2DE19206C576}.AppStore|Any CPU.ActiveCfg = AppStore|iPhone
		{92E87158-8A8E-4C16-B81C-2DE19206C576}.AppStore|ARM.ActiveCfg = AppStore|iPhone
		{92E87158-8A8E-4C16-B81C-2DE19206C576}.AppStore|iPhone.ActiveCfg = AppStore|iPhone
		{92E87158-8A8E-4C16-B81C-2DE19206C576}.AppStore|iPhone.Build.0 = AppStore|iPhone
		{92E87158-8A8E-4C16-B81C-2DE19206C576}.AppStore|iPhoneSimulator.ActiveCfg = AppStore|iPhoneSimulator
		{92E87158-8A8E-4C16-B81C-2DE19206C576}.AppStore|iPhoneSimulator.Build.0 = AppStore|iPhoneSimulator
		{92E87158-8A8E-4C16-B81C-2DE19206C576}.AppStore|x64.ActiveCfg = AppStore|iPhone
		{92E87158-8A8E-4C16-B81C-2DE19206C576}.AppStore|x86.ActiveCfg = AppStore|iPhone
		{92E87158-8A8E-4C16-B81C-2DE19206C576}.Debug|Any CPU.ActiveCfg = Debug|iPhone
		{92E87158-8A8E-4C16-B81C-2DE19206C576}.Debug|ARM.ActiveCfg = Debug|iPhone
		{92E87158-8A8E-4C16-B81C-2DE19206C576}.Debug|iPhone.ActiveCfg = Debug|iPhone
		{92E87158-8A8E-4C16-B81C-2DE19206C576}.Debug|iPhone.Build.0 = Debug|iPhone
		{92E87158-8A8E-4C16-B81C-2DE19206C576}.Debug|iPhoneSimulator.ActiveCfg = Debug|iPhoneSimulator
		{92E87158-8A8E-4C16-B81C-2DE19206C576}.Debug|iPhoneSimulator.Build.0 = Debug|iPhoneSimulator
		{92E87158-8A8E-4C16-B81C-2DE19206C576}.Debug|x64.ActiveCfg = Debug|iPhone
		{92E87158-8A8E-4C16-B81C-2DE19206C576}.Debug|x86.ActiveCfg = Debug|iPhone
		{92E87158-8A8E-4C16-B81C-2DE19206C576}.Release|Any CPU.ActiveCfg = Release|iPhone
		{92E87158-8A8E-4C16-B81C-2DE19206C576}.Release|ARM.ActiveCfg = Release|iPhone
		{92E87158-8A8E-4C16-B81C-2DE19206C576}.Release|iPhone.ActiveCfg = Release|iPhone
		{92E87158-8A8E-4C16-B81C-2DE19206C576}.Release|iPhone.Build.0 = Release|iPhone
		{92E87158-8A8E-4C16-B81C-2DE19206C576}.Release|iPhoneSimulator.ActiveCfg = Release|iPhoneSimulator
		{92E87158-8A8E-4C16-B81C-2DE19206C576}.Release|iPhoneSimulator.Build.0 = Release|iPhoneSimulator
		{92E87158-8A8E-4C16-B81C-2DE19206C576}.Release|x64.ActiveCfg = Release|iPhone
		{92E87158-8A8E-4C16-B81C-2DE19206C576}.Release|x86.ActiveCfg = Release|iPhone
		{C8155D68-23E2-45A7-BA07-E2B04C435DC3}.Ad-Hoc|Any CPU.ActiveCfg = Release|x86
		{C8155D68-23E2-45A7-BA07-E2B04C435DC3}.Ad-Hoc|Any CPU.Build.0 = Release|x86
		{C8155D68-23E2-45A7-BA07-E2B04C435DC3}.Ad-Hoc|Any CPU.Deploy.0 = Release|x86
		{C8155D68-23E2-45A7-BA07-E2B04C435DC3}.Ad-Hoc|ARM.ActiveCfg = Release|ARM
		{C8155D68-23E2-45A7-BA07-E2B04C435DC3}.Ad-Hoc|ARM.Build.0 = Release|ARM
		{C8155D68-23E2-45A7-BA07-E2B04C435DC3}.Ad-Hoc|ARM.Deploy.0 = Release|ARM
		{C8155D68-23E2-45A7-BA07-E2B04C435DC3}.Ad-Hoc|iPhone.ActiveCfg = Release|x86
		{C8155D68-23E2-45A7-BA07-E2B04C435DC3}.Ad-Hoc|iPhone.Build.0 = Release|x86
		{C8155D68-23E2-45A7-BA07-E2B04C435DC3}.Ad-Hoc|iPhone.Deploy.0 = Release|x86
		{C8155D68-23E2-45A7-BA07-E2B04C435DC3}.Ad-Hoc|iPhoneSimulator.ActiveCfg = Release|x86
		{C8155D68-23E2-45A7-BA07-E2B04C435DC3}.Ad-Hoc|iPhoneSimulator.Build.0 = Release|x86
		{C8155D68-23E2-45A7-BA07-E2B04C435DC3}.Ad-Hoc|iPhoneSimulator.Deploy.0 = Release|x86
		{C8155D68-23E2-45A7-BA07-E2B04C435DC3}.Ad-Hoc|x64.ActiveCfg = Release|x64
		{C8155D68-23E2-45A7-BA07-E2B04C435DC3}.Ad-Hoc|x64.Build.0 = Release|x64
		{C8155D68-23E2-45A7-BA07-E2B04C435DC3}.Ad-Hoc|x64.Deploy.0 = Release|x64
		{C8155D68-23E2-45A7-BA07-E2B04C435DC3}.Ad-Hoc|x86.ActiveCfg = Release|x86
		{C8155D68-23E2-45A7-BA07-E2B04C435DC3}.Ad-Hoc|x86.Build.0 = Release|x86
		{C8155D68-23E2-45A7-BA07-E2B04C435DC3}.Ad-Hoc|x86.Deploy.0 = Release|x86
		{C8155D68-23E2-45A7-BA07-E2B04C435DC3}.AppStore|Any CPU.ActiveCfg = Release|x86
		{C8155D68-23E2-45A7-BA07-E2B04C435DC3}.AppStore|Any CPU.Build.0 = Release|x86
		{C8155D68-23E2-45A7-BA07-E2B04C435DC3}.AppStore|Any CPU.Deploy.0 = Release|x86
		{C8155D68-23E2-45A7-BA07-E2B04C435DC3}.AppStore|ARM.ActiveCfg = Release|ARM
		{C8155D68-23E2-45A7-BA07-E2B04C435DC3}.AppStore|ARM.Build.0 = Release|ARM
		{C8155D68-23E2-45A7-BA07-E2B04C435DC3}.AppStore|ARM.Deploy.0 = Release|ARM
		{C8155D68-23E2-45A7-BA07-E2B04C435DC3}.AppStore|iPhone.ActiveCfg = Release|x86
		{C8155D68-23E2-45A7-BA07-E2B04C435DC3}.AppStore|iPhone.Build.0 = Release|x86
		{C8155D68-23E2-45A7-BA07-E2B04C435DC3}.AppStore|iPhone.Deploy.0 = Release|x86
		{C8155D68-23E2-45A7-BA07-E2B04C435DC3}.AppStore|iPhoneSimulator.ActiveCfg = Release|x86
		{C8155D68-23E2-45A7-BA07-E2B04C435DC3}.AppStore|iPhoneSimulator.Build.0 = Release|x86
		{C8155D68-23E2-45A7-BA07-E2B04C435DC3}.AppStore|iPhoneSimulator.Deploy.0 = Release|x86
		{C8155D68-23E2-45A7-BA07-E2B04C435DC3}.AppStore|x64.ActiveCfg = Release|x64
		{C8155D68-23E2-45A7-BA07-E2B04C435DC3}.AppStore|x64.Build.0 = Release|x64
		{C8155D68-23E2-45A7-BA07-E2B04C435DC3}.AppStore|x64.Deploy.0 = Release|x64
		{C8155D68-23E2-45A7-BA07-E2B04C435DC3}.AppStore|x86.ActiveCfg = Release|x86
		{C8155D68-23E2-45A7-BA07-E2B04C435DC3}.AppStore|x86.Build.0 = Release|x86
		{C8155D68-23E2-45A7-BA07-E2B04C435DC3}.AppStore|x86.Deploy.0 = Release|x86
		{C8155D68-23E2-45A7-BA07-E2B04C435DC3}.Debug|Any CPU.ActiveCfg = Debug|x86
		{C8155D68-23E2-45A7-BA07-E2B04C435DC3}.Debug|ARM.ActiveCfg = Debug|ARM
		{C8155D68-23E2-45A7-BA07-E2B04C435DC3}.Debug|ARM.Build.0 = Debug|ARM
		{C8155D68-23E2-45A7-BA07-E2B04C435DC3}.Debug|ARM.Deploy.0 = Debug|ARM
		{C8155D68-23E2-45A7-BA07-E2B04C435DC3}.Debug|iPhone.ActiveCfg = Debug|x86
		{C8155D68-23E2-45A7-BA07-E2B04C435DC3}.Debug|iPhoneSimulator.ActiveCfg = Debug|x86
		{C8155D68-23E2-45A7-BA07-E2B04C435DC3}.Debug|x64.ActiveCfg = Debug|x64
		{C8155D68-23E2-45A7-BA07-E2B04C435DC3}.Debug|x64.Build.0 = Debug|x64
		{C8155D68-23E2-45A7-BA07-E2B04C435DC3}.Debug|x64.Deploy.0 = Debug|x64
		{C8155D68-23E2-45A7-BA07-E2B04C435DC3}.Debug|x86.ActiveCfg = Debug|x86
		{C8155D68-23E2-45A7-BA07-E2B04C435DC3}.Debug|x86.Build.0 = Debug|x86
		{C8155D68-23E2-45A7-BA07-E2B04C435DC3}.Debug|x86.Deploy.0 = Debug|x86
		{C8155D68-23E2-45A7-BA07-E2B04C435DC3}.Release|Any CPU.ActiveCfg = Release|x86
		{C8155D68-23E2-45A7-BA07-E2B04C435DC3}.Release|ARM.ActiveCfg = Release|ARM
		{C8155D68-23E2-45A7-BA07-E2B04C435DC3}.Release|ARM.Build.0 = Release|ARM
		{C8155D68-23E2-45A7-BA07-E2B04C435DC3}.Release|ARM.Deploy.0 = Release|ARM
		{C8155D68-23E2-45A7-BA07-E2B04C435DC3}.Release|iPhone.ActiveCfg = Release|x86
		{C8155D68-23E2-45A7-BA07-E2B04C435DC3}.Release|iPhoneSimulator.ActiveCfg = Release|x86
		{C8155D68-23E2-45A7-BA07-E2B04C435DC3}.Release|x64.ActiveCfg = Release|x64
		{C8155D68-23E2-45A7-BA07-E2B04C435DC3}.Release|x64.Build.0 = Release|x64
		{C8155D68-23E2-45A7-BA07-E2B04C435DC3}.Release|x64.Deploy.0 = Release|x64
		{C8155D68-23E2-45A7-BA07-E2B04C435DC3}.Release|x86.ActiveCfg = Release|x86
		{C8155D68-23E2-45A7-BA07-E2B04C435DC3}.Release|x86.Build.0 = Release|x86
		{C8155D68-23E2-45A7-BA07-E2B04C435DC3}.Release|x86.Deploy.0 = Release|x86
		{85BCB9D6-694E-4D0C-A32D-4F326EE696A7}.Ad-Hoc|Any CPU.ActiveCfg = Debug|Any CPU
		{85BCB9D6-694E-4D0C-A32D-4F326EE696A7}.Ad-Hoc|Any CPU.Build.0 = Debug|Any CPU
		{85BCB9D6-694E-4D0C-A32D-4F326EE696A7}.Ad-Hoc|ARM.ActiveCfg = Debug|Any CPU
		{85BCB9D6-694E-4D0C-A32D-4F326EE696A7}.Ad-Hoc|ARM.Build.0 = Debug|Any CPU
		{85BCB9D6-694E-4D0C-A32D-4F326EE696A7}.Ad-Hoc|iPhone.ActiveCfg = Debug|Any CPU
		{85BCB9D6-694E-4D0C-A32D-4F326EE696A7}.Ad-Hoc|iPhone.Build.0 = Debug|Any CPU
		{85BCB9D6-694E-4D0C-A32D-4F326EE696A7}.Ad-Hoc|iPhoneSimulator.ActiveCfg = Debug|Any CPU
		{85BCB9D6-694E-4D0C-A32D-4F326EE696A7}.Ad-Hoc|iPhoneSimulator.Build.0 = Debug|Any CPU
		{85BCB9D6-694E-4D0C-A32D-4F326EE696A7}.Ad-Hoc|x64.ActiveCfg = Debug|Any CPU
		{85BCB9D6-694E-4D0C-A32D-4F326EE696A7}.Ad-Hoc|x64.Build.0 = Debug|Any CPU
		{85BCB9D6-694E-4D0C-A32D-4F326EE696A7}.Ad-Hoc|x86.ActiveCfg = Debug|Any CPU
		{85BCB9D6-694E-4D0C-A32D-4F326EE696A7}.Ad-Hoc|x86.Build.0 = Debug|Any CPU
		{85BCB9D6-694E-4D0C-A32D-4F326EE696A7}.AppStore|Any CPU.ActiveCfg = Debug|Any CPU
		{85BCB9D6-694E-4D0C-A32D-4F326EE696A7}.AppStore|Any CPU.Build.0 = Debug|Any CPU
		{85BCB9D6-694E-4D0C-A32D-4F326EE696A7}.AppStore|ARM.ActiveCfg = Debug|Any CPU
		{85BCB9D6-694E-4D0C-A32D-4F326EE696A7}.AppStore|ARM.Build.0 = Debug|Any CPU
		{85BCB9D6-694E-4D0C-A32D-4F326EE696A7}.AppStore|iPhone.ActiveCfg = Debug|Any CPU
		{85BCB9D6-694E-4D0C-A32D-4F326EE696A7}.AppStore|iPhone.Build.0 = Debug|Any CPU
		{85BCB9D6-694E-4D0C-A32D-4F326EE696A7}.AppStore|iPhoneSimulator.ActiveCfg = Debug|Any CPU
		{85BCB9D6-694E-4D0C-A32D-4F326EE696A7}.AppStore|iPhoneSimulator.Build.0 = Debug|Any CPU
		{85BCB9D6-694E-4D0C-A32D-4F326EE696A7}.AppStore|x64.ActiveCfg = Debug|Any CPU
		{85BCB9D6-694E-4D0C-A32D-4F326EE696A7}.AppStore|x64.Build.0 = Debug|Any CPU
		{85BCB9D6-694E-4D0C-A32D-4F326EE696A7}.AppStore|x86.ActiveCfg = Debug|Any CPU
		{85BCB9D6-694E-4D0C-A32D-4F326EE696A7}.AppStore|x86.Build.0 = Debug|Any CPU
		{85BCB9D6-694E-4D0C-A32D-4F326EE696A7}.Debug|Any CPU.ActiveCfg = Debug|Any CPU
		{85BCB9D6-694E-4D0C-A32D-4F326EE696A7}.Debug|Any CPU.Build.0 = Debug|Any CPU
		{85BCB9D6-694E-4D0C-A32D-4F326EE696A7}.Debug|ARM.ActiveCfg = Debug|Any CPU
		{85BCB9D6-694E-4D0C-A32D-4F326EE696A7}.Debug|ARM.Build.0 = Debug|Any CPU
		{85BCB9D6-694E-4D0C-A32D-4F326EE696A7}.Debug|iPhone.ActiveCfg = Debug|Any CPU
		{85BCB9D6-694E-4D0C-A32D-4F326EE696A7}.Debug|iPhone.Build.0 = Debug|Any CPU
		{85BCB9D6-694E-4D0C-A32D-4F326EE696A7}.Debug|iPhoneSimulator.ActiveCfg = Debug|Any CPU
		{85BCB9D6-694E-4D0C-A32D-4F326EE696A7}.Debug|iPhoneSimulator.Build.0 = Debug|Any CPU
		{85BCB9D6-694E-4D0C-A32D-4F326EE696A7}.Debug|x64.ActiveCfg = Debug|Any CPU
		{85BCB9D6-694E-4D0C-A32D-4F326EE696A7}.Debug|x64.Build.0 = Debug|Any CPU
		{85BCB9D6-694E-4D0C-A32D-4F326EE696A7}.Debug|x86.ActiveCfg = Debug|Any CPU
		{85BCB9D6-694E-4D0C-A32D-4F326EE696A7}.Debug|x86.Build.0 = Debug|Any CPU
		{85BCB9D6-694E-4D0C-A32D-4F326EE696A7}.Release|Any CPU.ActiveCfg = Release|Any CPU
		{85BCB9D6-694E-4D0C-A32D-4F326EE696A7}.Release|Any CPU.Build.0 = Release|Any CPU
		{85BCB9D6-694E-4D0C-A32D-4F326EE696A7}.Release|ARM.ActiveCfg = Release|Any CPU
		{85BCB9D6-694E-4D0C-A32D-4F326EE696A7}.Release|ARM.Build.0 = Release|Any CPU
		{85BCB9D6-694E-4D0C-A32D-4F326EE696A7}.Release|iPhone.ActiveCfg = Release|Any CPU
		{85BCB9D6-694E-4D0C-A32D-4F326EE696A7}.Release|iPhone.Build.0 = Release|Any CPU
		{85BCB9D6-694E-4D0C-A32D-4F326EE696A7}.Release|iPhoneSimulator.ActiveCfg = Release|Any CPU
		{85BCB9D6-694E-4D0C-A32D-4F326EE696A7}.Release|iPhoneSimulator.Build.0 = Release|Any CPU
		{85BCB9D6-694E-4D0C-A32D-4F326EE696A7}.Release|x64.ActiveCfg = Release|Any CPU
		{85BCB9D6-694E-4D0C-A32D-4F326EE696A7}.Release|x64.Build.0 = Release|Any CPU
		{85BCB9D6-694E-4D0C-A32D-4F326EE696A7}.Release|x86.ActiveCfg = Release|Any CPU
		{85BCB9D6-694E-4D0C-A32D-4F326EE696A7}.Release|x86.Build.0 = Release|Any CPU
	EndGlobalSection
	GlobalSection(SolutionProperties) = preSolution
		HideSolutionNode = FALSE
	EndGlobalSection
	GlobalSection(ExtensibilityGlobals) = postSolution
		SolutionGuid = {67614FC2-E5E1-42B3-8D0F-273A688166F5}
	EndGlobalSection
	GlobalSection(TeamFoundationVersionControl) = preSolution
		SccNumberOfProjects = 6
		SccEnterpriseProvider = {4CA58AB2-18FA-4F8D-95D4-32DDF27D184C}
		SccTeamFoundationServer = https://reportesapp.visualstudio.com/
		SccLocalPath0 = .
		SccProjectUniqueName1 = ReportesWeb\\ReportesWeb.csproj
		SccProjectName1 = ReportesWeb
		SccLocalPath1 = ReportesWeb
		SccProjectUniqueName2 = reportesApp\\reportesApp.Android\\reportesApp.Android.csproj
		SccProjectName2 = reportesApp/reportesApp.Android
		SccLocalPath2 = reportesApp\\reportesApp.Android
		SccProjectUniqueName3 = reportesApp\\reportesApp.iOS\\reportesApp.iOS.csproj
		SccProjectName3 = reportesApp/reportesApp.iOS
		SccLocalPath3 = reportesApp\\reportesApp.iOS
		SccProjectUniqueName4 = reportesApp\\reportesApp.UWP\\reportesApp.UWP.csproj
		SccProjectName4 = reportesApp/reportesApp.UWP
		SccLocalPath4 = reportesApp\\reportesApp.UWP
		SccProjectUniqueName5 = reportesApp\\reportesApp\\reportesApp.csproj
		SccProjectName5 = reportesApp/reportesApp
		SccLocalPath5 = reportesApp\\reportesApp
	EndGlobalSection
EndGlobal
